
Microsoft Visual Studio Solution File, Format Version 10.00
# Visual Studio 2008
Project("{FAE04EC0-301F-11D3-BF4B-00C04F79EFBC}") = "Afluistic", "Afluistic\Afluistic.csproj", "{B422DA8D-FEB4-4598-89D7-0F02B795BCE0}"
EndProject
Project("{FAE04EC0-301F-11D3-BF4B-00C04F79EFBC}") = "Afluistic.Tests", "Afluistic.Tests\Afluistic.Tests.csproj", "{3B1DB250-BD05-4EB7-871B-9381570985BB}"
EndProject
Global
	GlobalSection(SolutionConfigurationPlatforms) = preSolution
		Debug|Any CPU = Debug|Any CPU
		Release|Any CPU = Release|Any CPU
	EndGlobalSection
	GlobalSection(ProjectConfigurationPlatforms) = postSolution
		{B422DA8D-FEB4-4598-89D7-0F02B795BCE0}.Debug|Any CPU.ActiveCfg = Debug|Any CPU
		{B422DA8D-FEB4-4598-89D7-0F02B795BCE0}.Debug|Any CPU.Build.0 = Debug|Any CPU
		{B422DA8D-FEB4-4598-89D7-0F02B795BCE0}.Release|Any CPU.ActiveCfg = Release|Any CPU
		{B422DA8D-FEB4-4598-89D7-0F02B795BCE0}.Release|Any CPU.Build.0 = Release|Any CPU
		{3B1DB250-BD05-4EB7-871B-9381570985BB}.Debug|Any CPU.ActiveCfg = Debug|Any CPU
		{3B1DB250-BD05-4EB7-871B-9381570985BB}.Debug|Any CPU.Build.0 = Debug|Any CPU
		{3B1DB250-BD05-4EB7-871B-9381570985BB}.Release|Any CPU.ActiveCfg = Release|Any CPU
		{3B1DB250-BD05-4EB7-871B-9381570985BB}.Release|Any CPU.Build.0 = Release|Any CPU
	EndGlobalSection
	GlobalSection(SolutionProperties) = preSolution
		HideSolutionNode = FALSE
	EndGlobalSection
EndGlobal
